{
  "projects": [
    {
      "projectId": "fvjeJAc2KXTwtdHurp6o8v",
      "version": "latest",
      "dependencies": {},
      "lang": "js",
      "fileLocks": [
        {
          "type": "globalVariant",
          "assetId": "UXcTL6s79TJ9e",
          "checksum": "58af5966fe16b4a7671df553d2cb9ec8"
        },
        {
          "type": "renderModule",
          "assetId": "u70vHnrqPVGi",
          "checksum": "abf161e9f7013fc28e0c3f48d04087de"
        },
        {
          "type": "cssRules",
          "assetId": "u70vHnrqPVGi",
          "checksum": "abf161e9f7013fc28e0c3f48d04087de"
        },
        {
          "type": "renderModule",
          "assetId": "YLEBQFTCJa",
          "checksum": "0068ce3c5308deee39a42cecd6ec1891"
        },
        {
          "type": "cssRules",
          "assetId": "YLEBQFTCJa",
          "checksum": "0068ce3c5308deee39a42cecd6ec1891"
        },
        {
          "type": "renderModule",
          "assetId": "3OB9jeYB3LR",
          "checksum": "5563d584c35eb4ca07f9400cc4a2c690"
        },
        {
          "type": "cssRules",
          "assetId": "3OB9jeYB3LR",
          "checksum": "5563d584c35eb4ca07f9400cc4a2c690"
        },
        {
          "type": "icon",
          "assetId": "-qVgWErUTgPG6",
          "checksum": "58361de393f2086179ee6d24af8f4d87"
        },
        {
          "type": "icon",
          "assetId": "CMV991h_fjlj0",
          "checksum": "6f6f1fa383a19f2345a165f12c50a98d"
        },
        {
          "type": "icon",
          "assetId": "d86Ip4QoqeG",
          "checksum": "93976bad635aeec65005d8873d3497f4"
        },
        {
          "type": "icon",
          "assetId": "Dl3Yf8Dq26e",
          "checksum": "03e37bae5e810158248c02660a45876c"
        },
        {
          "type": "image",
          "assetId": "5-IuEOi_V0xb1",
          "checksum": "1233b31f2f32854a83085f8f9febba3b"
        },
        {
          "type": "renderModule",
          "assetId": "QZgGTuqaQ6",
          "checksum": "2260bf6a9b8c7e762800e51ed2d644ec"
        },
        {
          "type": "cssRules",
          "assetId": "QZgGTuqaQ6",
          "checksum": "2260bf6a9b8c7e762800e51ed2d644ec"
        },
        {
          "type": "renderModule",
          "assetId": "Xal2B-DnoZ",
          "checksum": "6bd980b017e4f17395e4495593c664f6"
        },
        {
          "type": "cssRules",
          "assetId": "Xal2B-DnoZ",
          "checksum": "6bd980b017e4f17395e4495593c664f6"
        },
        {
          "type": "renderModule",
          "assetId": "IBqAoAJpzd",
          "checksum": "091eb2bb916b4ee413272681b5efec0c"
        },
        {
          "type": "cssRules",
          "assetId": "IBqAoAJpzd",
          "checksum": "091eb2bb916b4ee413272681b5efec0c"
        },
        {
          "type": "icon",
          "assetId": "_0y9ZwO--_0",
          "checksum": "794274a9845d93e838b4d8027fcf02e4"
        },
        {
          "type": "renderModule",
          "assetId": "A0Od_rnAuEc",
          "checksum": "33b74f1efbd4cb747d4fff36434c3852"
        },
        {
          "type": "cssRules",
          "assetId": "A0Od_rnAuEc",
          "checksum": "33b74f1efbd4cb747d4fff36434c3852"
        },
        {
          "type": "icon",
          "assetId": "xuvXrm0ju",
          "checksum": "cacbd98c5053457ba2ac3ebc96024d11"
        },
        {
          "type": "renderModule",
          "assetId": "ilwT19qNd1",
          "checksum": "b62ed21c16e7d8a0c208b94d12a25c38"
        },
        {
          "type": "cssRules",
          "assetId": "ilwT19qNd1",
          "checksum": "b62ed21c16e7d8a0c208b94d12a25c38"
        },
        {
          "type": "renderModule",
          "assetId": "WsIksv38QI",
          "checksum": "abb527aa5e4938be7e4c268a872c026d"
        },
        {
          "type": "cssRules",
          "assetId": "WsIksv38QI",
          "checksum": "abb527aa5e4938be7e4c268a872c026d"
        },
        {
          "type": "renderModule",
          "assetId": "ZvWObp4tOu",
          "checksum": "9325e1576954fe2b379b23e5d97f2c9c"
        },
        {
          "type": "cssRules",
          "assetId": "ZvWObp4tOu",
          "checksum": "9325e1576954fe2b379b23e5d97f2c9c"
        },
        {
          "type": "renderModule",
          "assetId": "z8VugZWSJM",
          "checksum": "9142a917b0e11c1cac1ef98610f00b2f"
        },
        {
          "type": "cssRules",
          "assetId": "z8VugZWSJM",
          "checksum": "9142a917b0e11c1cac1ef98610f00b2f"
        },
        {
          "type": "renderModule",
          "assetId": "x_jq9Sex4p",
          "checksum": "c8a59fe014f36306c705ff3992083970"
        },
        {
          "type": "cssRules",
          "assetId": "x_jq9Sex4p",
          "checksum": "c8a59fe014f36306c705ff3992083970"
        },
        {
          "type": "renderModule",
          "assetId": "aTcSUSTpWN",
          "checksum": "358497c86fe1cef1a68c91a3a6ea6ae8"
        },
        {
          "type": "cssRules",
          "assetId": "aTcSUSTpWN",
          "checksum": "358497c86fe1cef1a68c91a3a6ea6ae8"
        },
        {
          "type": "renderModule",
          "assetId": "67lO5l62AF",
          "checksum": "82a6894ee773c3a76bac2ba500ab2635"
        },
        {
          "type": "cssRules",
          "assetId": "67lO5l62AF",
          "checksum": "82a6894ee773c3a76bac2ba500ab2635"
        },
        {
          "type": "renderModule",
          "assetId": "Z8_MciQ7hY",
          "checksum": "9ab4745824e21a72b0b8b2088ce68638"
        },
        {
          "type": "cssRules",
          "assetId": "Z8_MciQ7hY",
          "checksum": "9ab4745824e21a72b0b8b2088ce68638"
        },
        {
          "type": "renderModule",
          "assetId": "WM8ODpYCMr",
          "checksum": "f914b97e25d16be9cf297fe456e99b93"
        },
        {
          "type": "cssRules",
          "assetId": "WM8ODpYCMr",
          "checksum": "f914b97e25d16be9cf297fe456e99b93"
        },
        {
          "type": "renderModule",
          "assetId": "byu1aSvPCP",
          "checksum": "bf3fb47b38b3de8433234194a96d41f0"
        },
        {
          "type": "cssRules",
          "assetId": "byu1aSvPCP",
          "checksum": "bf3fb47b38b3de8433234194a96d41f0"
        },
        {
          "type": "renderModule",
          "assetId": "_ktPJwy9s9n",
          "checksum": "1cdf481063850d7166f197f7215e1dbf"
        },
        {
          "type": "cssRules",
          "assetId": "_ktPJwy9s9n",
          "checksum": "1cdf481063850d7166f197f7215e1dbf"
        },
        {
          "type": "icon",
          "assetId": "YM0hHWtVyU",
          "checksum": "edf415bf1097152b56ca7294661d2992"
        },
        {
          "type": "image",
          "assetId": "e0tY4eNvj",
          "checksum": "33ba9360146c7bf6dcd8cd0cccf7cb06"
        },
        {
          "type": "image",
          "assetId": "LLjS-GRNr",
          "checksum": "dbd9b191eb3b51ce832b3749187c2554"
        },
        {
          "assetId": "fvjeJAc2KXTwtdHurp6o8v",
          "type": "projectCss",
          "checksum": "605ac3d6040f49c195cdcd89254e2fc3"
        }
      ],
      "codegenVersion": "0.0.1"
    }
  ],
  "cliVersion": "0.1.175"
}
